
Microsoft Visual Studio Solution File, Format Version 12.00
# Visual Studio Version 16
VisualStudioVersion = 16.0.30907.101
MinimumVisualStudioVersion = 10.0.40219.1
Project("{FAE04EC0-301F-11D3-BF4B-00C04F79EFBC}") = "ChatBot.Bot", "Consoles\ChatBot.Bot\ChatBot.Bot.csproj", "{D7F820FE-A7BE-4049-9536-0D3B3B390608}"
EndProject
Project("{2150E333-8FDC-42A3-9474-1A3956D46DE8}") = "Consoles", "Consoles", "{BB6CDF09-E026-4FED-AE74-11ECD7CF873F}"
EndProject
Project("{2150E333-8FDC-42A3-9474-1A3956D46DE8}") = "Tests", "Tests", "{59A56A47-D5A6-4C73-845A-65A349EB94B3}"
EndProject
Project("{FAE04EC0-301F-11D3-BF4B-00C04F79EFBC}") = "ChatBot.UnitTests", "Tests\ChatBot.UnitTests\ChatBot.UnitTests.csproj", "{3995C114-8FD1-40DE-8A4A-4BF25F06BC8C}"
EndProject
Project("{2150E333-8FDC-42A3-9474-1A3956D46DE8}") = "Extentions", "Extentions", "{1AA8CD8C-4797-479C-91B8-D5CEF564AB1C}"
EndProject
Project("{2150E333-8FDC-42A3-9474-1A3956D46DE8}") = "Shared", "Shared", "{0C722A8F-1619-45D2-9F14-2598D320D363}"
EndProject
Project("{FAE04EC0-301F-11D3-BF4B-00C04F79EFBC}") = "ChatBot.Core", "..\Shared\Extentions\ChatBot.Core\ChatBot.Core.csproj", "{0A2E418D-9286-4A22-A644-7980791815B3}"
EndProject
Global
	GlobalSection(SolutionConfigurationPlatforms) = preSolution
		Debug|Any CPU = Debug|Any CPU
		Release|Any CPU = Release|Any CPU
	EndGlobalSection
	GlobalSection(ProjectConfigurationPlatforms) = postSolution
		{D7F820FE-A7BE-4049-9536-0D3B3B390608}.Debug|Any CPU.ActiveCfg = Debug|Any CPU
		{D7F820FE-A7BE-4049-9536-0D3B3B390608}.Debug|Any CPU.Build.0 = Debug|Any CPU
		{D7F820FE-A7BE-4049-9536-0D3B3B390608}.Release|Any CPU.ActiveCfg = Release|Any CPU
		{D7F820FE-A7BE-4049-9536-0D3B3B390608}.Release|Any CPU.Build.0 = Release|Any CPU
		{3995C114-8FD1-40DE-8A4A-4BF25F06BC8C}.Debug|Any CPU.ActiveCfg = Debug|Any CPU
		{3995C114-8FD1-40DE-8A4A-4BF25F06BC8C}.Debug|Any CPU.Build.0 = Debug|Any CPU
		{3995C114-8FD1-40DE-8A4A-4BF25F06BC8C}.Release|Any CPU.ActiveCfg = Release|Any CPU
		{3995C114-8FD1-40DE-8A4A-4BF25F06BC8C}.Release|Any CPU.Build.0 = Release|Any CPU
		{0A2E418D-9286-4A22-A644-7980791815B3}.Debug|Any CPU.ActiveCfg = Debug|Any CPU
		{0A2E418D-9286-4A22-A644-7980791815B3}.Debug|Any CPU.Build.0 = Debug|Any CPU
		{0A2E418D-9286-4A22-A644-7980791815B3}.Release|Any CPU.ActiveCfg = Release|Any CPU
		{0A2E418D-9286-4A22-A644-7980791815B3}.Release|Any CPU.Build.0 = Release|Any CPU
	EndGlobalSection
	GlobalSection(SolutionProperties) = preSolution
		HideSolutionNode = FALSE
	EndGlobalSection
	GlobalSection(NestedProjects) = preSolution
		{D7F820FE-A7BE-4049-9536-0D3B3B390608} = {BB6CDF09-E026-4FED-AE74-11ECD7CF873F}
		{3995C114-8FD1-40DE-8A4A-4BF25F06BC8C} = {59A56A47-D5A6-4C73-845A-65A349EB94B3}
		{1AA8CD8C-4797-479C-91B8-D5CEF564AB1C} = {0C722A8F-1619-45D2-9F14-2598D320D363}
		{0A2E418D-9286-4A22-A644-7980791815B3} = {1AA8CD8C-4797-479C-91B8-D5CEF564AB1C}
	EndGlobalSection
	GlobalSection(ExtensibilityGlobals) = postSolution
		SolutionGuid = {99589BB2-674E-47AF-A6F6-3B62A124B638}
	EndGlobalSection
EndGlobal
